// !$*UTF8*$!
{
	archiveVersion = 1;
	classes = {
	};
	objectVersion = 56;
	objects = {

/* Begin PBXBuildFile section */
		3F1D44CA29CA5FA200999B87 /* SkeletonLoadable.swift in Sources */ = {isa = PBXBuildFile; fileRef = 3F1D44C929CA5FA200999B87 /* SkeletonLoadable.swift */; };
		3F1D44CE29CA685700999B87 /* SVGKit in Frameworks */ = {isa = PBXBuildFile; productRef = 3F1D44CD29CA685700999B87 /* SVGKit */; };
		3F1D44D029CA685700999B87 /* SVGKitSwift in Frameworks */ = {isa = PBXBuildFile; productRef = 3F1D44CF29CA685700999B87 /* SVGKitSwift */; };
		3F1D44D529CA767800999B87 /* UIColor+Extension.swift in Sources */ = {isa = PBXBuildFile; fileRef = 3F1D44D429CA767800999B87 /* UIColor+Extension.swift */; };
		3F1D7D0829C9C51000767E52 /* CountriesAPITests.swift in Sources */ = {isa = PBXBuildFile; fileRef = 3F1D7D0729C9C51000767E52 /* CountriesAPITests.swift */; };
		3F1D7D0D29C9E72A00767E52 /* CountriesViewModel.swift in Sources */ = {isa = PBXBuildFile; fileRef = 3F1D7D0C29C9E72A00767E52 /* CountriesViewModel.swift */; };
		3F1D7D1029C9E8FA00767E52 /* Observable.swift in Sources */ = {isa = PBXBuildFile; fileRef = 3F1D7D0F29C9E8FA00767E52 /* Observable.swift */; };
		3F1D7D1229C9F5B400767E52 /* LoadingView.swift in Sources */ = {isa = PBXBuildFile; fileRef = 3F1D7D1129C9F5B400767E52 /* LoadingView.swift */; };
		3F1D7D1429C9FF7300767E52 /* CountriesViewModelTests.swift in Sources */ = {isa = PBXBuildFile; fileRef = 3F1D7D1329C9FF7300767E52 /* CountriesViewModelTests.swift */; };
		3F33B15729CB146D00090DB8 /* FlowCoordinator.swift in Sources */ = {isa = PBXBuildFile; fileRef = 3F33B15629CB146D00090DB8 /* FlowCoordinator.swift */; };
		3F33B15929CB14D900090DB8 /* ApplicationFlowCoordinator.swift in Sources */ = {isa = PBXBuildFile; fileRef = 3F33B15829CB14D900090DB8 /* ApplicationFlowCoordinator.swift */; };
		3F33B15B29CB271D00090DB8 /* CountryDetailsViewModel.swift in Sources */ = {isa = PBXBuildFile; fileRef = 3F33B15A29CB271D00090DB8 /* CountryDetailsViewModel.swift */; };
		3F33B15D29CC535400090DB8 /* CountriesViewController.xib in Resources */ = {isa = PBXBuildFile; fileRef = 3F33B15C29CC535400090DB8 /* CountriesViewController.xib */; };
		3F33B16029CC576B00090DB8 /* CountryDetailsViewController.swift in Sources */ = {isa = PBXBuildFile; fileRef = 3F33B15E29CC576B00090DB8 /* CountryDetailsViewController.swift */; };
		3F33B16129CC576B00090DB8 /* CountryDetailsViewController.xib in Resources */ = {isa = PBXBuildFile; fileRef = 3F33B15F29CC576B00090DB8 /* CountryDetailsViewController.xib */; };
		3F33B16329CC793900090DB8 /* CountriesFlowCoordinator.swift in Sources */ = {isa = PBXBuildFile; fileRef = 3F33B16229CC793900090DB8 /* CountriesFlowCoordinator.swift */; };
		3F33B16529CC7AD700090DB8 /* ApplicationCoordinatorDependencyProvider.swift in Sources */ = {isa = PBXBuildFile; fileRef = 3F33B16429CC7AD700090DB8 /* ApplicationCoordinatorDependencyProvider.swift */; };
		3F33B16729CC7B3100090DB8 /* ApplicationComponentsFactory.swift in Sources */ = {isa = PBXBuildFile; fileRef = 3F33B16629CC7B3100090DB8 /* ApplicationComponentsFactory.swift */; };
		3F33B16A29CC7D6700090DB8 /* ApplicationFlowCoordinatorTests.swift in Sources */ = {isa = PBXBuildFile; fileRef = 3F33B16929CC7D6700090DB8 /* ApplicationFlowCoordinatorTests.swift */; };
		3F33B16D29CC7F5D00090DB8 /* SVGKit in Frameworks */ = {isa = PBXBuildFile; productRef = 3F33B16C29CC7F5D00090DB8 /* SVGKit */; };
		3F33B17529CC993E00090DB8 /* UIImage+Extension.swift in Sources */ = {isa = PBXBuildFile; fileRef = 3F33B17429CC993E00090DB8 /* UIImage+Extension.swift */; };
		3F33B17729CCA38A00090DB8 /* ImageCache.swift in Sources */ = {isa = PBXBuildFile; fileRef = 3F33B17629CCA38A00090DB8 /* ImageCache.swift */; };
		3F33B17929CCA48700090DB8 /* ImageCacheTests.swift in Sources */ = {isa = PBXBuildFile; fileRef = 3F33B17829CCA48700090DB8 /* ImageCacheTests.swift */; };
		3F54009F29C74ADA00E2709A /* AppDelegate.swift in Sources */ = {isa = PBXBuildFile; fileRef = 3F54009E29C74ADA00E2709A /* AppDelegate.swift */; };
		3F5400A129C74ADA00E2709A /* SceneDelegate.swift in Sources */ = {isa = PBXBuildFile; fileRef = 3F5400A029C74ADA00E2709A /* SceneDelegate.swift */; };
		3F5400A329C74ADA00E2709A /* CountriesViewController.swift in Sources */ = {isa = PBXBuildFile; fileRef = 3F5400A229C74ADA00E2709A /* CountriesViewController.swift */; };
		3F5400A629C74ADA00E2709A /* Main.storyboard in Resources */ = {isa = PBXBuildFile; fileRef = 3F5400A429C74ADA00E2709A /* Main.storyboard */; };
		3F5400A829C74ADB00E2709A /* Assets.xcassets in Resources */ = {isa = PBXBuildFile; fileRef = 3F5400A729C74ADB00E2709A /* Assets.xcassets */; };
		3F5400AB29C74ADB00E2709A /* LaunchScreen.storyboard in Resources */ = {isa = PBXBuildFile; fileRef = 3F5400A929C74ADB00E2709A /* LaunchScreen.storyboard */; };
		3F5400C029C74ADC00E2709A /* CountriesUITests.swift in Sources */ = {isa = PBXBuildFile; fileRef = 3F5400BF29C74ADC00E2709A /* CountriesUITests.swift */; };
		3F5400C229C74ADC00E2709A /* CountriesUITestsLaunchTests.swift in Sources */ = {isa = PBXBuildFile; fileRef = 3F5400C129C74ADC00E2709A /* CountriesUITestsLaunchTests.swift */; };
		3F5400D129C75E7400E2709A /* NetworkManager.swift in Sources */ = {isa = PBXBuildFile; fileRef = 3F5400D029C75E7400E2709A /* NetworkManager.swift */; };
		3F5400D329C89DEA00E2709A /* Endpoint.swift in Sources */ = {isa = PBXBuildFile; fileRef = 3F5400D229C89DEA00E2709A /* Endpoint.swift */; };
		3F5400D529C89E2300E2709A /* HttpMethodType.swift in Sources */ = {isa = PBXBuildFile; fileRef = 3F5400D429C89E2300E2709A /* HttpMethodType.swift */; };
		3F5400D829C89EE400E2709A /* NetworkError.swift in Sources */ = {isa = PBXBuildFile; fileRef = 3F5400D729C89EE400E2709A /* NetworkError.swift */; };
		3F5400DA29C89FBC00E2709A /* CountriesAPI.swift in Sources */ = {isa = PBXBuildFile; fileRef = 3F5400D929C89FBC00E2709A /* CountriesAPI.swift */; };
		3F5400DF29C8A03500E2709A /* Country.swift in Sources */ = {isa = PBXBuildFile; fileRef = 3F5400DE29C8A03500E2709A /* Country.swift */; };
		3F5400E529C8A42700E2709A /* ApiConstants.swift in Sources */ = {isa = PBXBuildFile; fileRef = 3F5400E429C8A42700E2709A /* ApiConstants.swift */; };
		3F5400EA29C91BEA00E2709A /* NetworkManagerTests.swift in Sources */ = {isa = PBXBuildFile; fileRef = 3F5400E929C91BEA00E2709A /* NetworkManagerTests.swift */; };
		3F5400EC29C9225700E2709A /* NetworkErrorTests.swift in Sources */ = {isa = PBXBuildFile; fileRef = 3F5400EB29C9225700E2709A /* NetworkErrorTests.swift */; };
		3F5400EE29C9233300E2709A /* HttpMethodTypeTests.swift in Sources */ = {isa = PBXBuildFile; fileRef = 3F5400ED29C9233300E2709A /* HttpMethodTypeTests.swift */; };
		3F5400F029C9249900E2709A /* EndpointTests.swift in Sources */ = {isa = PBXBuildFile; fileRef = 3F5400EF29C9249900E2709A /* EndpointTests.swift */; };
		3F748C8D29CA103A00DEC301 /* CountryTableViewCell.swift in Sources */ = {isa = PBXBuildFile; fileRef = 3F748C8B29CA103A00DEC301 /* CountryTableViewCell.swift */; };
		3F748C8E29CA103A00DEC301 /* CountryTableViewCell.xib in Resources */ = {isa = PBXBuildFile; fileRef = 3F748C8C29CA103A00DEC301 /* CountryTableViewCell.xib */; };
		3F748C9129CA117800DEC301 /* UITableView+Common.swift in Sources */ = {isa = PBXBuildFile; fileRef = 3F748C9029CA117800DEC301 /* UITableView+Common.swift */; };
/* End PBXBuildFile section */

/* Begin PBXContainerItemProxy section */
		3F5400B229C74ADC00E2709A /* PBXContainerItemProxy */ = {
			isa = PBXContainerItemProxy;
			containerPortal = 3F54009329C74ADA00E2709A /* Project object */;
			proxyType = 1;
			remoteGlobalIDString = 3F54009A29C74ADA00E2709A;
			remoteInfo = Countries;
		};
		3F5400BC29C74ADC00E2709A /* PBXContainerItemProxy */ = {
			isa = PBXContainerItemProxy;
			containerPortal = 3F54009329C74ADA00E2709A /* Project object */;
			proxyType = 1;
			remoteGlobalIDString = 3F54009A29C74ADA00E2709A;
			remoteInfo = Countries;
		};
/* End PBXContainerItemProxy section */

/* Begin PBXFileReference section */
		3F1D44C929CA5FA200999B87 /* SkeletonLoadable.swift */ = {isa = PBXFileReference; lastKnownFileType = sourcecode.swift; path = SkeletonLoadable.swift; sourceTree = "<group>"; };
		3F1D44D429CA767800999B87 /* UIColor+Extension.swift */ = {isa = PBXFileReference; lastKnownFileType = sourcecode.swift; path = "UIColor+Extension.swift"; sourceTree = "<group>"; };
		3F1D7D0729C9C51000767E52 /* CountriesAPITests.swift */ = {isa = PBXFileReference; lastKnownFileType = sourcecode.swift; path = CountriesAPITests.swift; sourceTree = "<group>"; };
		3F1D7D0C29C9E72A00767E52 /* CountriesViewModel.swift */ = {isa = PBXFileReference; lastKnownFileType = sourcecode.swift; path = CountriesViewModel.swift; sourceTree = "<group>"; };
		3F1D7D0F29C9E8FA00767E52 /* Observable.swift */ = {isa = PBXFileReference; lastKnownFileType = sourcecode.swift; path = Observable.swift; sourceTree = "<group>"; };
		3F1D7D1129C9F5B400767E52 /* LoadingView.swift */ = {isa = PBXFileReference; lastKnownFileType = sourcecode.swift; path = LoadingView.swift; sourceTree = "<group>"; };
		3F1D7D1329C9FF7300767E52 /* CountriesViewModelTests.swift */ = {isa = PBXFileReference; lastKnownFileType = sourcecode.swift; path = CountriesViewModelTests.swift; sourceTree = "<group>"; };
		3F33B15629CB146D00090DB8 /* FlowCoordinator.swift */ = {isa = PBXFileReference; lastKnownFileType = sourcecode.swift; path = FlowCoordinator.swift; sourceTree = "<group>"; };
		3F33B15829CB14D900090DB8 /* ApplicationFlowCoordinator.swift */ = {isa = PBXFileReference; lastKnownFileType = sourcecode.swift; path = ApplicationFlowCoordinator.swift; sourceTree = "<group>"; };
		3F33B15A29CB271D00090DB8 /* CountryDetailsViewModel.swift */ = {isa = PBXFileReference; lastKnownFileType = sourcecode.swift; path = CountryDetailsViewModel.swift; sourceTree = "<group>"; };
		3F33B15C29CC535400090DB8 /* CountriesViewController.xib */ = {isa = PBXFileReference; lastKnownFileType = file.xib; path = CountriesViewController.xib; sourceTree = "<group>"; };
		3F33B15E29CC576B00090DB8 /* CountryDetailsViewController.swift */ = {isa = PBXFileReference; lastKnownFileType = sourcecode.swift; path = CountryDetailsViewController.swift; sourceTree = "<group>"; };
		3F33B15F29CC576B00090DB8 /* CountryDetailsViewController.xib */ = {isa = PBXFileReference; lastKnownFileType = file.xib; path = CountryDetailsViewController.xib; sourceTree = "<group>"; };
		3F33B16229CC793900090DB8 /* CountriesFlowCoordinator.swift */ = {isa = PBXFileReference; lastKnownFileType = sourcecode.swift; path = CountriesFlowCoordinator.swift; sourceTree = "<group>"; };
		3F33B16429CC7AD700090DB8 /* ApplicationCoordinatorDependencyProvider.swift */ = {isa = PBXFileReference; lastKnownFileType = sourcecode.swift; path = ApplicationCoordinatorDependencyProvider.swift; sourceTree = "<group>"; };
		3F33B16629CC7B3100090DB8 /* ApplicationComponentsFactory.swift */ = {isa = PBXFileReference; lastKnownFileType = sourcecode.swift; path = ApplicationComponentsFactory.swift; sourceTree = "<group>"; };
		3F33B16929CC7D6700090DB8 /* ApplicationFlowCoordinatorTests.swift */ = {isa = PBXFileReference; lastKnownFileType = sourcecode.swift; path = ApplicationFlowCoordinatorTests.swift; sourceTree = "<group>"; };
		3F33B17429CC993E00090DB8 /* UIImage+Extension.swift */ = {isa = PBXFileReference; lastKnownFileType = sourcecode.swift; path = "UIImage+Extension.swift"; sourceTree = "<group>"; };
		3F33B17629CCA38A00090DB8 /* ImageCache.swift */ = {isa = PBXFileReference; lastKnownFileType = sourcecode.swift; path = ImageCache.swift; sourceTree = "<group>"; };
		3F33B17829CCA48700090DB8 /* ImageCacheTests.swift */ = {isa = PBXFileReference; lastKnownFileType = sourcecode.swift; path = ImageCacheTests.swift; sourceTree = "<group>"; };
		3F54009B29C74ADA00E2709A /* Countries.app */ = {isa = PBXFileReference; explicitFileType = wrapper.application; includeInIndex = 0; path = Countries.app; sourceTree = BUILT_PRODUCTS_DIR; };
		3F54009E29C74ADA00E2709A /* AppDelegate.swift */ = {isa = PBXFileReference; lastKnownFileType = sourcecode.swift; path = AppDelegate.swift; sourceTree = "<group>"; };
		3F5400A029C74ADA00E2709A /* SceneDelegate.swift */ = {isa = PBXFileReference; lastKnownFileType = sourcecode.swift; path = SceneDelegate.swift; sourceTree = "<group>"; };
		3F5400A229C74ADA00E2709A /* CountriesViewController.swift */ = {isa = PBXFileReference; lastKnownFileType = sourcecode.swift; path = CountriesViewController.swift; sourceTree = "<group>"; };
		3F5400A529C74ADA00E2709A /* Base */ = {isa = PBXFileReference; lastKnownFileType = file.storyboard; name = Base; path = Base.lproj/Main.storyboard; sourceTree = "<group>"; };
		3F5400A729C74ADB00E2709A /* Assets.xcassets */ = {isa = PBXFileReference; lastKnownFileType = folder.assetcatalog; path = Assets.xcassets; sourceTree = "<group>"; };
		3F5400AA29C74ADB00E2709A /* Base */ = {isa = PBXFileReference; lastKnownFileType = file.storyboard; name = Base; path = Base.lproj/LaunchScreen.storyboard; sourceTree = "<group>"; };
		3F5400AC29C74ADB00E2709A /* Info.plist */ = {isa = PBXFileReference; lastKnownFileType = text.plist.xml; path = Info.plist; sourceTree = "<group>"; };
		3F5400B129C74ADC00E2709A /* CountriesTests.xctest */ = {isa = PBXFileReference; explicitFileType = wrapper.cfbundle; includeInIndex = 0; path = CountriesTests.xctest; sourceTree = BUILT_PRODUCTS_DIR; };
		3F5400BB29C74ADC00E2709A /* CountriesUITests.xctest */ = {isa = PBXFileReference; explicitFileType = wrapper.cfbundle; includeInIndex = 0; path = CountriesUITests.xctest; sourceTree = BUILT_PRODUCTS_DIR; };
		3F5400BF29C74ADC00E2709A /* CountriesUITests.swift */ = {isa = PBXFileReference; lastKnownFileType = sourcecode.swift; path = CountriesUITests.swift; sourceTree = "<group>"; };
		3F5400C129C74ADC00E2709A /* CountriesUITestsLaunchTests.swift */ = {isa = PBXFileReference; lastKnownFileType = sourcecode.swift; path = CountriesUITestsLaunchTests.swift; sourceTree = "<group>"; };
		3F5400D029C75E7400E2709A /* NetworkManager.swift */ = {isa = PBXFileReference; lastKnownFileType = sourcecode.swift; path = NetworkManager.swift; sourceTree = "<group>"; };
		3F5400D229C89DEA00E2709A /* Endpoint.swift */ = {isa = PBXFileReference; lastKnownFileType = sourcecode.swift; path = Endpoint.swift; sourceTree = "<group>"; };
		3F5400D429C89E2300E2709A /* HttpMethodType.swift */ = {isa = PBXFileReference; lastKnownFileType = sourcecode.swift; path = HttpMethodType.swift; sourceTree = "<group>"; };
		3F5400D729C89EE400E2709A /* NetworkError.swift */ = {isa = PBXFileReference; lastKnownFileType = sourcecode.swift; path = NetworkError.swift; sourceTree = "<group>"; };
		3F5400D929C89FBC00E2709A /* CountriesAPI.swift */ = {isa = PBXFileReference; lastKnownFileType = sourcecode.swift; path = CountriesAPI.swift; sourceTree = "<group>"; };
		3F5400DE29C8A03500E2709A /* Country.swift */ = {isa = PBXFileReference; lastKnownFileType = sourcecode.swift; path = Country.swift; sourceTree = "<group>"; };
		3F5400E429C8A42700E2709A /* ApiConstants.swift */ = {isa = PBXFileReference; lastKnownFileType = sourcecode.swift; path = ApiConstants.swift; sourceTree = "<group>"; };
		3F5400E929C91BEA00E2709A /* NetworkManagerTests.swift */ = {isa = PBXFileReference; lastKnownFileType = sourcecode.swift; path = NetworkManagerTests.swift; sourceTree = "<group>"; };
		3F5400EB29C9225700E2709A /* NetworkErrorTests.swift */ = {isa = PBXFileReference; lastKnownFileType = sourcecode.swift; path = NetworkErrorTests.swift; sourceTree = "<group>"; };
		3F5400ED29C9233300E2709A /* HttpMethodTypeTests.swift */ = {isa = PBXFileReference; lastKnownFileType = sourcecode.swift; path = HttpMethodTypeTests.swift; sourceTree = "<group>"; };
		3F5400EF29C9249900E2709A /* EndpointTests.swift */ = {isa = PBXFileReference; lastKnownFileType = sourcecode.swift; path = EndpointTests.swift; sourceTree = "<group>"; };
		3F748C8B29CA103A00DEC301 /* CountryTableViewCell.swift */ = {isa = PBXFileReference; lastKnownFileType = sourcecode.swift; path = CountryTableViewCell.swift; sourceTree = "<group>"; };
		3F748C8C29CA103A00DEC301 /* CountryTableViewCell.xib */ = {isa = PBXFileReference; lastKnownFileType = file.xib; path = CountryTableViewCell.xib; sourceTree = "<group>"; };
		3F748C9029CA117800DEC301 /* UITableView+Common.swift */ = {isa = PBXFileReference; lastKnownFileType = sourcecode.swift; path = "UITableView+Common.swift"; sourceTree = "<group>"; };
/* End PBXFileReference section */

/* Begin PBXFrameworksBuildPhase section */
		3F54009829C74ADA00E2709A /* Frameworks */ = {
			isa = PBXFrameworksBuildPhase;
			buildActionMask = 2147483647;
			files = (
				3F1D44D029CA685700999B87 /* SVGKitSwift in Frameworks */,
				3F1D44CE29CA685700999B87 /* SVGKit in Frameworks */,
			);
			runOnlyForDeploymentPostprocessing = 0;
		};
		3F5400AE29C74ADC00E2709A /* Frameworks */ = {
			isa = PBXFrameworksBuildPhase;
			buildActionMask = 2147483647;
			files = (
				3F33B16D29CC7F5D00090DB8 /* SVGKit in Frameworks */,
			);
			runOnlyForDeploymentPostprocessing = 0;
		};
		3F5400B829C74ADC00E2709A /* Frameworks */ = {
			isa = PBXFrameworksBuildPhase;
			buildActionMask = 2147483647;
			files = (
			);
			runOnlyForDeploymentPostprocessing = 0;
		};
/* End PBXFrameworksBuildPhase section */

/* Begin PBXGroup section */
		3F1D7D0529C9BF7900767E52 /* API */ = {
			isa = PBXGroup;
			children = (
				3F5400E929C91BEA00E2709A /* NetworkManagerTests.swift */,
				3F5400EB29C9225700E2709A /* NetworkErrorTests.swift */,
				3F5400ED29C9233300E2709A /* HttpMethodTypeTests.swift */,
				3F5400EF29C9249900E2709A /* EndpointTests.swift */,
			);
			path = API;
			sourceTree = "<group>";
		};
		3F1D7D0629C9C4FF00767E52 /* Countries */ = {
			isa = PBXGroup;
			children = (
				3F1D7D0729C9C51000767E52 /* CountriesAPITests.swift */,
				3F1D7D1329C9FF7300767E52 /* CountriesViewModelTests.swift */,
			);
			path = Countries;
			sourceTree = "<group>";
		};
		3F1D7D0E29C9E8EF00767E52 /* Utils */ = {
			isa = PBXGroup;
			children = (
				3F33B15529CB145800090DB8 /* Coordinator */,
				3F1D7D0F29C9E8FA00767E52 /* Observable.swift */,
				3F1D7D1129C9F5B400767E52 /* LoadingView.swift */,
				3F1D44C929CA5FA200999B87 /* SkeletonLoadable.swift */,
				3F33B17629CCA38A00090DB8 /* ImageCache.swift */,
			);
			path = Utils;
			sourceTree = "<group>";
		};
		3F33B15529CB145800090DB8 /* Coordinator */ = {
			isa = PBXGroup;
			children = (
				3F33B15629CB146D00090DB8 /* FlowCoordinator.swift */,
				3F33B15829CB14D900090DB8 /* ApplicationFlowCoordinator.swift */,
				3F33B16229CC793900090DB8 /* CountriesFlowCoordinator.swift */,
				3F33B16429CC7AD700090DB8 /* ApplicationCoordinatorDependencyProvider.swift */,
				3F33B16629CC7B3100090DB8 /* ApplicationComponentsFactory.swift */,
			);
			path = Coordinator;
			sourceTree = "<group>";
		};
		3F33B16829CC7D4700090DB8 /* Coordinator */ = {
			isa = PBXGroup;
			children = (
				3F33B16929CC7D6700090DB8 /* ApplicationFlowCoordinatorTests.swift */,
			);
			path = Coordinator;
			sourceTree = "<group>";
		};
		3F33B16B29CC7F5D00090DB8 /* Frameworks */ = {
			isa = PBXGroup;
			children = (
			);
			name = Frameworks;
			sourceTree = "<group>";
		};
		3F33B16E29CC88B000090DB8 /* CountriesList */ = {
			isa = PBXGroup;
			children = (
				3F33B17029CC88CF00090DB8 /* View */,
				3F33B16F29CC88C400090DB8 /* ViewModel */,
			);
			path = CountriesList;
			sourceTree = "<group>";
		};
		3F33B16F29CC88C400090DB8 /* ViewModel */ = {
			isa = PBXGroup;
			children = (
				3F1D7D0C29C9E72A00767E52 /* CountriesViewModel.swift */,
			);
			path = ViewModel;
			sourceTree = "<group>";
		};
		3F33B17029CC88CF00090DB8 /* View */ = {
			isa = PBXGroup;
			children = (
				3F748C8A29CA101000DEC301 /* Cells */,
				3F5400A229C74ADA00E2709A /* CountriesViewController.swift */,
				3F33B15C29CC535400090DB8 /* CountriesViewController.xib */,
			);
			path = View;
			sourceTree = "<group>";
		};
		3F33B17129CC890400090DB8 /* CountryDetails */ = {
			isa = PBXGroup;
			children = (
				3F33B17329CC891600090DB8 /* ViewModel */,
				3F33B17229CC891000090DB8 /* View */,
			);
			path = CountryDetails;
			sourceTree = "<group>";
		};
		3F33B17229CC891000090DB8 /* View */ = {
			isa = PBXGroup;
			children = (
				3F33B15E29CC576B00090DB8 /* CountryDetailsViewController.swift */,
				3F33B15F29CC576B00090DB8 /* CountryDetailsViewController.xib */,
			);
			path = View;
			sourceTree = "<group>";
		};
		3F33B17329CC891600090DB8 /* ViewModel */ = {
			isa = PBXGroup;
			children = (
				3F33B15A29CB271D00090DB8 /* CountryDetailsViewModel.swift */,
			);
			path = ViewModel;
			sourceTree = "<group>";
		};
		3F54009229C74ADA00E2709A = {
			isa = PBXGroup;
			children = (
				3F54009D29C74ADA00E2709A /* Countries */,
				3F5400B429C74ADC00E2709A /* CountriesTests */,
				3F5400BE29C74ADC00E2709A /* CountriesUITests */,
				3F54009C29C74ADA00E2709A /* Products */,
				3F33B16B29CC7F5D00090DB8 /* Frameworks */,
			);
			sourceTree = "<group>";
		};
		3F54009C29C74ADA00E2709A /* Products */ = {
			isa = PBXGroup;
			children = (
				3F54009B29C74ADA00E2709A /* Countries.app */,
				3F5400B129C74ADC00E2709A /* CountriesTests.xctest */,
				3F5400BB29C74ADC00E2709A /* CountriesUITests.xctest */,
			);
			name = Products;
			sourceTree = "<group>";
		};
		3F54009D29C74ADA00E2709A /* Countries */ = {
			isa = PBXGroup;
			children = (
				3F748C8F29CA116700DEC301 /* Extensions */,
				3F1D7D0E29C9E8EF00767E52 /* Utils */,
				3F5400CF29C75D6400E2709A /* API */,
				3F5400E029C8A3BA00E2709A /* Flows */,
				3F5400CE29C75D1800E2709A /* Application */,
				3F5400A429C74ADA00E2709A /* Main.storyboard */,
				3F5400A729C74ADB00E2709A /* Assets.xcassets */,
				3F5400A929C74ADB00E2709A /* LaunchScreen.storyboard */,
				3F5400AC29C74ADB00E2709A /* Info.plist */,
			);
			path = Countries;
			sourceTree = "<group>";
		};
		3F5400B429C74ADC00E2709A /* CountriesTests */ = {
			isa = PBXGroup;
			children = (
				3F33B16829CC7D4700090DB8 /* Coordinator */,
				3F1D7D0629C9C4FF00767E52 /* Countries */,
				3F1D7D0529C9BF7900767E52 /* API */,
				3F33B17829CCA48700090DB8 /* ImageCacheTests.swift */,
			);
			path = CountriesTests;
			sourceTree = "<group>";
		};
		3F5400BE29C74ADC00E2709A /* CountriesUITests */ = {
			isa = PBXGroup;
			children = (
				3F5400BF29C74ADC00E2709A /* CountriesUITests.swift */,
				3F5400C129C74ADC00E2709A /* CountriesUITestsLaunchTests.swift */,
			);
			path = CountriesUITests;
			sourceTree = "<group>";
		};
		3F5400CE29C75D1800E2709A /* Application */ = {
			isa = PBXGroup;
			children = (
				3F54009E29C74ADA00E2709A /* AppDelegate.swift */,
				3F5400A029C74ADA00E2709A /* SceneDelegate.swift */,
			);
			path = Application;
			sourceTree = "<group>";
		};
		3F5400CF29C75D6400E2709A /* API */ = {
			isa = PBXGroup;
			children = (
				3F5400E429C8A42700E2709A /* ApiConstants.swift */,
				3F5400D029C75E7400E2709A /* NetworkManager.swift */,
				3F5400D229C89DEA00E2709A /* Endpoint.swift */,
				3F5400D429C89E2300E2709A /* HttpMethodType.swift */,
				3F5400D729C89EE400E2709A /* NetworkError.swift */,
			);
			path = API;
			sourceTree = "<group>";
		};
		3F5400DD29C8A02300E2709A /* DTO */ = {
			isa = PBXGroup;
			children = (
				3F5400DE29C8A03500E2709A /* Country.swift */,
			);
			path = DTO;
			sourceTree = "<group>";
		};
		3F5400E029C8A3BA00E2709A /* Flows */ = {
			isa = PBXGroup;
			children = (
				3F5400E129C8A3CE00E2709A /* Countries */,
			);
			path = Flows;
			sourceTree = "<group>";
		};
		3F5400E129C8A3CE00E2709A /* Countries */ = {
			isa = PBXGroup;
			children = (
				3F33B16E29CC88B000090DB8 /* CountriesList */,
				3F33B17129CC890400090DB8 /* CountryDetails */,
				3F5400E229C8A3DD00E2709A /* API */,
			);
			path = Countries;
			sourceTree = "<group>";
		};
		3F5400E229C8A3DD00E2709A /* API */ = {
			isa = PBXGroup;
			children = (
				3F5400D929C89FBC00E2709A /* CountriesAPI.swift */,
				3F5400DD29C8A02300E2709A /* DTO */,
			);
			path = API;
			sourceTree = "<group>";
		};
		3F748C8A29CA101000DEC301 /* Cells */ = {
			isa = PBXGroup;
			children = (
				3F748C8B29CA103A00DEC301 /* CountryTableViewCell.swift */,
				3F748C8C29CA103A00DEC301 /* CountryTableViewCell.xib */,
			);
			path = Cells;
			sourceTree = "<group>";
		};
		3F748C8F29CA116700DEC301 /* Extensions */ = {
			isa = PBXGroup;
			children = (
				3F748C9029CA117800DEC301 /* UITableView+Common.swift */,
				3F1D44D429CA767800999B87 /* UIColor+Extension.swift */,
				3F33B17429CC993E00090DB8 /* UIImage+Extension.swift */,
			);
			path = Extensions;
			sourceTree = "<group>";
		};
/* End PBXGroup section */

/* Begin PBXNativeTarget section */
		3F54009A29C74ADA00E2709A /* Countries */ = {
			isa = PBXNativeTarget;
			buildConfigurationList = 3F5400C529C74ADC00E2709A /* Build configuration list for PBXNativeTarget "Countries" */;
			buildPhases = (
				3F54009729C74ADA00E2709A /* Sources */,
				3F54009829C74ADA00E2709A /* Frameworks */,
				3F54009929C74ADA00E2709A /* Resources */,
			);
			buildRules = (
			);
			dependencies = (
			);
			name = Countries;
			packageProductDependencies = (
				3F1D44CD29CA685700999B87 /* SVGKit */,
				3F1D44CF29CA685700999B87 /* SVGKitSwift */,
			);
			productName = Countries;
			productReference = 3F54009B29C74ADA00E2709A /* Countries.app */;
			productType = "com.apple.product-type.application";
		};
		3F5400B029C74ADC00E2709A /* CountriesTests */ = {
			isa = PBXNativeTarget;
			buildConfigurationList = 3F5400C829C74ADC00E2709A /* Build configuration list for PBXNativeTarget "CountriesTests" */;
			buildPhases = (
				3F5400AD29C74ADC00E2709A /* Sources */,
				3F5400AE29C74ADC00E2709A /* Frameworks */,
				3F5400AF29C74ADC00E2709A /* Resources */,
			);
			buildRules = (
			);
			dependencies = (
				3F5400B329C74ADC00E2709A /* PBXTargetDependency */,
			);
			name = CountriesTests;
			packageProductDependencies = (
				3F33B16C29CC7F5D00090DB8 /* SVGKit */,
			);
			productName = CountriesTests;
			productReference = 3F5400B129C74ADC00E2709A /* CountriesTests.xctest */;
			productType = "com.apple.product-type.bundle.unit-test";
		};
		3F5400BA29C74ADC00E2709A /* CountriesUITests */ = {
			isa = PBXNativeTarget;
			buildConfigurationList = 3F5400CB29C74ADC00E2709A /* Build configuration list for PBXNativeTarget "CountriesUITests" */;
			buildPhases = (
				3F5400B729C74ADC00E2709A /* Sources */,
				3F5400B829C74ADC00E2709A /* Frameworks */,
				3F5400B929C74ADC00E2709A /* Resources */,
			);
			buildRules = (
			);
			dependencies = (
				3F5400BD29C74ADC00E2709A /* PBXTargetDependency */,
			);
			name = CountriesUITests;
			productName = CountriesUITests;
			productReference = 3F5400BB29C74ADC00E2709A /* CountriesUITests.xctest */;
			productType = "com.apple.product-type.bundle.ui-testing";
		};
/* End PBXNativeTarget section */

/* Begin PBXProject section */
		3F54009329C74ADA00E2709A /* Project object */ = {
			isa = PBXProject;
			attributes = {
				BuildIndependentTargetsInParallel = 1;
				LastSwiftUpdateCheck = 1420;
				LastUpgradeCheck = 1420;
				TargetAttributes = {
					3F54009A29C74ADA00E2709A = {
						CreatedOnToolsVersion = 14.2;
					};
					3F5400B029C74ADC00E2709A = {
						CreatedOnToolsVersion = 14.2;
						TestTargetID = 3F54009A29C74ADA00E2709A;
					};
					3F5400BA29C74ADC00E2709A = {
						CreatedOnToolsVersion = 14.2;
						TestTargetID = 3F54009A29C74ADA00E2709A;
					};
				};
			};
			buildConfigurationList = 3F54009629C74ADA00E2709A /* Build configuration list for PBXProject "Countries" */;
			compatibilityVersion = "Xcode 14.0";
			developmentRegion = en;
			hasScannedForEncodings = 0;
			knownRegions = (
				en,
				Base,
			);
			mainGroup = 3F54009229C74ADA00E2709A;
			packageReferences = (
				3F1D44CC29CA685700999B87 /* XCRemoteSwiftPackageReference "SVGKit" */,
			);
			productRefGroup = 3F54009C29C74ADA00E2709A /* Products */;
			projectDirPath = "";
			projectRoot = "";
			targets = (
				3F54009A29C74ADA00E2709A /* Countries */,
				3F5400B029C74ADC00E2709A /* CountriesTests */,
				3F5400BA29C74ADC00E2709A /* CountriesUITests */,
			);
		};
/* End PBXProject section */

/* Begin PBXResourcesBuildPhase section */
		3F54009929C74ADA00E2709A /* Resources */ = {
			isa = PBXResourcesBuildPhase;
			buildActionMask = 2147483647;
			files = (
				3F748C8E29CA103A00DEC301 /* CountryTableViewCell.xib in Resources */,
				3F33B15D29CC535400090DB8 /* CountriesViewController.xib in Resources */,
				3F33B16129CC576B00090DB8 /* CountryDetailsViewController.xib in Resources */,
				3F5400AB29C74ADB00E2709A /* LaunchScreen.storyboard in Resources */,
				3F5400A829C74ADB00E2709A /* Assets.xcassets in Resources */,
				3F5400A629C74ADA00E2709A /* Main.storyboard in Resources */,
			);
			runOnlyForDeploymentPostprocessing = 0;
		};
		3F5400AF29C74ADC00E2709A /* Resources */ = {
			isa = PBXResourcesBuildPhase;
			buildActionMask = 2147483647;
			files = (
			);
			runOnlyForDeploymentPostprocessing = 0;
		};
		3F5400B929C74ADC00E2709A /* Resources */ = {
			isa = PBXResourcesBuildPhase;
			buildActionMask = 2147483647;
			files = (
			);
			runOnlyForDeploymentPostprocessing = 0;
		};
/* End PBXResourcesBuildPhase section */

/* Begin PBXSourcesBuildPhase section */
		3F54009729C74ADA00E2709A /* Sources */ = {
			isa = PBXSourcesBuildPhase;
			buildActionMask = 2147483647;
			files = (
				3F33B16529CC7AD700090DB8 /* ApplicationCoordinatorDependencyProvider.swift in Sources */,
				3F5400D129C75E7400E2709A /* NetworkManager.swift in Sources */,
				3F33B16029CC576B00090DB8 /* CountryDetailsViewController.swift in Sources */,
				3F33B16729CC7B3100090DB8 /* ApplicationComponentsFactory.swift in Sources */,
				3F5400DF29C8A03500E2709A /* Country.swift in Sources */,
				3F33B16329CC793900090DB8 /* CountriesFlowCoordinator.swift in Sources */,
				3F33B15B29CB271D00090DB8 /* CountryDetailsViewModel.swift in Sources */,
				3F5400D829C89EE400E2709A /* NetworkError.swift in Sources */,
				3F5400A329C74ADA00E2709A /* CountriesViewController.swift in Sources */,
				3F1D44D529CA767800999B87 /* UIColor+Extension.swift in Sources */,
				3F1D7D1029C9E8FA00767E52 /* Observable.swift in Sources */,
				3F1D7D0D29C9E72A00767E52 /* CountriesViewModel.swift in Sources */,
				3F33B15729CB146D00090DB8 /* FlowCoordinator.swift in Sources */,
				3F5400DA29C89FBC00E2709A /* CountriesAPI.swift in Sources */,
				3F33B17729CCA38A00090DB8 /* ImageCache.swift in Sources */,
				3F5400D529C89E2300E2709A /* HttpMethodType.swift in Sources */,
				3F54009F29C74ADA00E2709A /* AppDelegate.swift in Sources */,
				3F5400A129C74ADA00E2709A /* SceneDelegate.swift in Sources */,
				3F33B17529CC993E00090DB8 /* UIImage+Extension.swift in Sources */,
				3F1D44CA29CA5FA200999B87 /* SkeletonLoadable.swift in Sources */,
				3F33B15929CB14D900090DB8 /* ApplicationFlowCoordinator.swift in Sources */,
				3F5400D329C89DEA00E2709A /* Endpoint.swift in Sources */,
				3F1D7D1229C9F5B400767E52 /* LoadingView.swift in Sources */,
				3F748C8D29CA103A00DEC301 /* CountryTableViewCell.swift in Sources */,
				3F748C9129CA117800DEC301 /* UITableView+Common.swift in Sources */,
				3F5400E529C8A42700E2709A /* ApiConstants.swift in Sources */,
			);
			runOnlyForDeploymentPostprocessing = 0;
		};
		3F5400AD29C74ADC00E2709A /* Sources */ = {
			isa = PBXSourcesBuildPhase;
			buildActionMask = 2147483647;
			files = (
				3F5400EA29C91BEA00E2709A /* NetworkManagerTests.swift in Sources */,
				3F5400EE29C9233300E2709A /* HttpMethodTypeTests.swift in Sources */,
				3F33B17929CCA48700090DB8 /* ImageCacheTests.swift in Sources */,
				3F5400F029C9249900E2709A /* EndpointTests.swift in Sources */,
				3F1D7D1429C9FF7300767E52 /* CountriesViewModelTests.swift in Sources */,
				3F5400EC29C9225700E2709A /* NetworkErrorTests.swift in Sources */,
				3F33B16A29CC7D6700090DB8 /* ApplicationFlowCoordinatorTests.swift in Sources */,
				3F1D7D0829C9C51000767E52 /* CountriesAPITests.swift in Sources */,
			);
			runOnlyForDeploymentPostprocessing = 0;
		};
		3F5400B729C74ADC00E2709A /* Sources */ = {
			isa = PBXSourcesBuildPhase;
			buildActionMask = 2147483647;
			files = (
				3F5400C029C74ADC00E2709A /* CountriesUITests.swift in Sources */,
				3F5400C229C74ADC00E2709A /* CountriesUITestsLaunchTests.swift in Sources */,
			);
			runOnlyForDeploymentPostprocessing = 0;
		};
/* End PBXSourcesBuildPhase section */

/* Begin PBXTargetDependency section */
		3F5400B329C74ADC00E2709A /* PBXTargetDependency */ = {
			isa = PBXTargetDependency;
			target = 3F54009A29C74ADA00E2709A /* Countries */;
			targetProxy = 3F5400B229C74ADC00E2709A /* PBXContainerItemProxy */;
		};
		3F5400BD29C74ADC00E2709A /* PBXTargetDependency */ = {
			isa = PBXTargetDependency;
			target = 3F54009A29C74ADA00E2709A /* Countries */;
			targetProxy = 3F5400BC29C74ADC00E2709A /* PBXContainerItemProxy */;
		};
/* End PBXTargetDependency section */

/* Begin PBXVariantGroup section */
		3F5400A429C74ADA00E2709A /* Main.storyboard */ = {
			isa = PBXVariantGroup;
			children = (
				3F5400A529C74ADA00E2709A /* Base */,
			);
			name = Main.storyboard;
			sourceTree = "<group>";
		};
		3F5400A929C74ADB00E2709A /* LaunchScreen.storyboard */ = {
			isa = PBXVariantGroup;
			children = (
				3F5400AA29C74ADB00E2709A /* Base */,
			);
			name = LaunchScreen.storyboard;
			sourceTree = "<group>";
		};
/* End PBXVariantGroup section */

/* Begin XCBuildConfiguration section */
		3F5400C329C74ADC00E2709A /* Debug */ = {
			isa = XCBuildConfiguration;
			buildSettings = {
				ALWAYS_SEARCH_USER_PATHS = NO;
				CLANG_ANALYZER_NONNULL = YES;
				CLANG_ANALYZER_NUMBER_OBJECT_CONVERSION = YES_AGGRESSIVE;
				CLANG_CXX_LANGUAGE_STANDARD = "gnu++20";
				CLANG_ENABLE_MODULES = YES;
				CLANG_ENABLE_OBJC_ARC = YES;
				CLANG_ENABLE_OBJC_WEAK = YES;
				CLANG_WARN_BLOCK_CAPTURE_AUTORELEASING = YES;
				CLANG_WARN_BOOL_CONVERSION = YES;
				CLANG_WARN_COMMA = YES;
				CLANG_WARN_CONSTANT_CONVERSION = YES;
				CLANG_WARN_DEPRECATED_OBJC_IMPLEMENTATIONS = YES;
				CLANG_WARN_DIRECT_OBJC_ISA_USAGE = YES_ERROR;
				CLANG_WARN_DOCUMENTATION_COMMENTS = YES;
				CLANG_WARN_EMPTY_BODY = YES;
				CLANG_WARN_ENUM_CONVERSION = YES;
				CLANG_WARN_INFINITE_RECURSION = YES;
				CLANG_WARN_INT_CONVERSION = YES;
				CLANG_WARN_NON_LITERAL_NULL_CONVERSION = YES;
				CLANG_WARN_OBJC_IMPLICIT_RETAIN_SELF = YES;
				CLANG_WARN_OBJC_LITERAL_CONVERSION = YES;
				CLANG_WARN_OBJC_ROOT_CLASS = YES_ERROR;
				CLANG_WARN_QUOTED_INCLUDE_IN_FRAMEWORK_HEADER = YES;
				CLANG_WARN_RANGE_LOOP_ANALYSIS = YES;
				CLANG_WARN_STRICT_PROTOTYPES = YES;
				CLANG_WARN_SUSPICIOUS_MOVE = YES;
				CLANG_WARN_UNGUARDED_AVAILABILITY = YES_AGGRESSIVE;
				CLANG_WARN_UNREACHABLE_CODE = YES;
				CLANG_WARN__DUPLICATE_METHOD_MATCH = YES;
				COPY_PHASE_STRIP = NO;
				DEBUG_INFORMATION_FORMAT = dwarf;
				ENABLE_STRICT_OBJC_MSGSEND = YES;
				ENABLE_TESTABILITY = YES;
				GCC_C_LANGUAGE_STANDARD = gnu11;
				GCC_DYNAMIC_NO_PIC = NO;
				GCC_NO_COMMON_BLOCKS = YES;
				GCC_OPTIMIZATION_LEVEL = 0;
				GCC_PREPROCESSOR_DEFINITIONS = (
					"DEBUG=1",
					"$(inherited)",
				);
				GCC_WARN_64_TO_32_BIT_CONVERSION = YES;
				GCC_WARN_ABOUT_RETURN_TYPE = YES_ERROR;
				GCC_WARN_UNDECLARED_SELECTOR = YES;
				GCC_WARN_UNINITIALIZED_AUTOS = YES_AGGRESSIVE;
				GCC_WARN_UNUSED_FUNCTION = YES;
				GCC_WARN_UNUSED_VARIABLE = YES;
				IPHONEOS_DEPLOYMENT_TARGET = 16.2;
				MTL_ENABLE_DEBUG_INFO = INCLUDE_SOURCE;
				MTL_FAST_MATH = YES;
				ONLY_ACTIVE_ARCH = YES;
				SDKROOT = iphoneos;
				SWIFT_ACTIVE_COMPILATION_CONDITIONS = DEBUG;
				SWIFT_OPTIMIZATION_LEVEL = "-Onone";
			};
			name = Debug;
		};
		3F5400C429C74ADC00E2709A /* Release */ = {
			isa = XCBuildConfiguration;
			buildSettings = {
				ALWAYS_SEARCH_USER_PATHS = NO;
				CLANG_ANALYZER_NONNULL = YES;
				CLANG_ANALYZER_NUMBER_OBJECT_CONVERSION = YES_AGGRESSIVE;
				CLANG_CXX_LANGUAGE_STANDARD = "gnu++20";
				CLANG_ENABLE_MODULES = YES;
				CLANG_ENABLE_OBJC_ARC = YES;
				CLANG_ENABLE_OBJC_WEAK = YES;
				CLANG_WARN_BLOCK_CAPTURE_AUTORELEASING = YES;
				CLANG_WARN_BOOL_CONVERSION = YES;
				CLANG_WARN_COMMA = YES;
				CLANG_WARN_CONSTANT_CONVERSION = YES;
				CLANG_WARN_DEPRECATED_OBJC_IMPLEMENTATIONS = YES;
				CLANG_WARN_DIRECT_OBJC_ISA_USAGE = YES_ERROR;
				CLANG_WARN_DOCUMENTATION_COMMENTS = YES;
				CLANG_WARN_EMPTY_BODY = YES;
				CLANG_WARN_ENUM_CONVERSION = YES;
				CLANG_WARN_INFINITE_RECURSION = YES;
				CLANG_WARN_INT_CONVERSION = YES;
				CLANG_WARN_NON_LITERAL_NULL_CONVERSION = YES;
				CLANG_WARN_OBJC_IMPLICIT_RETAIN_SELF = YES;
				CLANG_WARN_OBJC_LITERAL_CONVERSION = YES;
				CLANG_WARN_OBJC_ROOT_CLASS = YES_ERROR;
				CLANG_WARN_QUOTED_INCLUDE_IN_FRAMEWORK_HEADER = YES;
				CLANG_WARN_RANGE_LOOP_ANALYSIS = YES;
				CLANG_WARN_STRICT_PROTOTYPES = YES;
				CLANG_WARN_SUSPICIOUS_MOVE = YES;
				CLANG_WARN_UNGUARDED_AVAILABILITY = YES_AGGRESSIVE;
				CLANG_WARN_UNREACHABLE_CODE = YES;
				CLANG_WARN__DUPLICATE_METHOD_MATCH = YES;
				COPY_PHASE_STRIP = NO;
				DEBUG_INFORMATION_FORMAT = "dwarf-with-dsym";
				ENABLE_NS_ASSERTIONS = NO;
				ENABLE_STRICT_OBJC_MSGSEND = YES;
				GCC_C_LANGUAGE_STANDARD = gnu11;
				GCC_NO_COMMON_BLOCKS = YES;
				GCC_WARN_64_TO_32_BIT_CONVERSION = YES;
				GCC_WARN_ABOUT_RETURN_TYPE = YES_ERROR;
				GCC_WARN_UNDECLARED_SELECTOR = YES;
				GCC_WARN_UNINITIALIZED_AUTOS = YES_AGGRESSIVE;
				GCC_WARN_UNUSED_FUNCTION = YES;
				GCC_WARN_UNUSED_VARIABLE = YES;
				IPHONEOS_DEPLOYMENT_TARGET = 16.2;
				MTL_ENABLE_DEBUG_INFO = NO;
				MTL_FAST_MATH = YES;
				SDKROOT = iphoneos;
				SWIFT_COMPILATION_MODE = wholemodule;
				SWIFT_OPTIMIZATION_LEVEL = "-O";
				VALIDATE_PRODUCT = YES;
			};
			name = Release;
		};
		3F5400C629C74ADC00E2709A /* Debug */ = {
			isa = XCBuildConfiguration;
			buildSettings = {
				ASSETCATALOG_COMPILER_APPICON_NAME = AppIcon;
				ASSETCATALOG_COMPILER_GLOBAL_ACCENT_COLOR_NAME = AccentColor;
				CODE_SIGN_STYLE = Automatic;
				CURRENT_PROJECT_VERSION = 1;
				DEVELOPMENT_TEAM = QG78DVQ32Q;
				GENERATE_INFOPLIST_FILE = YES;
				INFOPLIST_FILE = Countries/Info.plist;
				INFOPLIST_KEY_UIApplicationSupportsIndirectInputEvents = YES;
				INFOPLIST_KEY_UILaunchStoryboardName = LaunchScreen;
				INFOPLIST_KEY_UIMainStoryboardFile = Main;
				INFOPLIST_KEY_UISupportedInterfaceOrientations_iPad = "UIInterfaceOrientationPortrait UIInterfaceOrientationPortraitUpsideDown UIInterfaceOrientationLandscapeLeft UIInterfaceOrientationLandscapeRight";
				INFOPLIST_KEY_UISupportedInterfaceOrientations_iPhone = "UIInterfaceOrientationPortrait UIInterfaceOrientationLandscapeLeft UIInterfaceOrientationLandscapeRight";
				IPHONEOS_DEPLOYMENT_TARGET = 14.6;
				LD_RUNPATH_SEARCH_PATHS = (
					"$(inherited)",
					"@executable_path/Frameworks",
				);
				MARKETING_VERSION = 1.0;
				PRODUCT_BUNDLE_IDENTIFIER = dutskinov.complexitysoftware.excitel.Countries;
				PRODUCT_NAME = "$(TARGET_NAME)";
				SWIFT_EMIT_LOC_STRINGS = YES;
				SWIFT_VERSION = 5.0;
				TARGETED_DEVICE_FAMILY = "1,2";
			};
			name = Debug;
		};
		3F5400C729C74ADC00E2709A /* Release */ = {
			isa = XCBuildConfiguration;
			buildSettings = {
				ASSETCATALOG_COMPILER_APPICON_NAME = AppIcon;
				ASSETCATALOG_COMPILER_GLOBAL_ACCENT_COLOR_NAME = AccentColor;
				CODE_SIGN_STYLE = Automatic;
				CURRENT_PROJECT_VERSION = 1;
				DEVELOPMENT_TEAM = QG78DVQ32Q;
				GENERATE_INFOPLIST_FILE = YES;
				INFOPLIST_FILE = Countries/Info.plist;
				INFOPLIST_KEY_UIApplicationSupportsIndirectInputEvents = YES;
				INFOPLIST_KEY_UILaunchStoryboardName = LaunchScreen;
				INFOPLIST_KEY_UIMainStoryboardFile = Main;
				INFOPLIST_KEY_UISupportedInterfaceOrientations_iPad = "UIInterfaceOrientationPortrait UIInterfaceOrientationPortraitUpsideDown UIInterfaceOrientationLandscapeLeft UIInterfaceOrientationLandscapeRight";
				INFOPLIST_KEY_UISupportedInterfaceOrientations_iPhone = "UIInterfaceOrientationPortrait UIInterfaceOrientationLandscapeLeft UIInterfaceOrientationLandscapeRight";
				IPHONEOS_DEPLOYMENT_TARGET = 14.6;
				LD_RUNPATH_SEARCH_PATHS = (
					"$(inherited)",
					"@executable_path/Frameworks",
				);
				MARKETING_VERSION = 1.0;
				PRODUCT_BUNDLE_IDENTIFIER = dutskinov.complexitysoftware.excitel.Countries;
				PRODUCT_NAME = "$(TARGET_NAME)";
				SWIFT_EMIT_LOC_STRINGS = YES;
				SWIFT_VERSION = 5.0;
				TARGETED_DEVICE_FAMILY = "1,2";
			};
			name = Release;
		};
		3F5400C929C74ADC00E2709A /* Debug */ = {
			isa = XCBuildConfiguration;
			buildSettings = {
				ALWAYS_EMBED_SWIFT_STANDARD_LIBRARIES = YES;
				BUNDLE_LOADER = "$(TEST_HOST)";
				CODE_SIGN_STYLE = Automatic;
				CURRENT_PROJECT_VERSION = 1;
				DEVELOPMENT_TEAM = QG78DVQ32Q;
				GENERATE_INFOPLIST_FILE = YES;
				IPHONEOS_DEPLOYMENT_TARGET = 16.2;
				MARKETING_VERSION = 1.0;
				PRODUCT_BUNDLE_IDENTIFIER = dutskinov.complexitysoftware.excitel.CountriesTests;
				PRODUCT_NAME = "$(TARGET_NAME)";
				SWIFT_EMIT_LOC_STRINGS = NO;
				SWIFT_VERSION = 5.0;
				TARGETED_DEVICE_FAMILY = "1,2";
				TEST_HOST = "$(BUILT_PRODUCTS_DIR)/Countries.app/$(BUNDLE_EXECUTABLE_FOLDER_PATH)/Countries";
			};
			name = Debug;
		};
		3F5400CA29C74ADC00E2709A /* Release */ = {
			isa = XCBuildConfiguration;
			buildSettings = {
				ALWAYS_EMBED_SWIFT_STANDARD_LIBRARIES = YES;
				BUNDLE_LOADER = "$(TEST_HOST)";
				CODE_SIGN_STYLE = Automatic;
				CURRENT_PROJECT_VERSION = 1;
				DEVELOPMENT_TEAM = QG78DVQ32Q;
				GENERATE_INFOPLIST_FILE = YES;
				IPHONEOS_DEPLOYMENT_TARGET = 16.2;
				MARKETING_VERSION = 1.0;
				PRODUCT_BUNDLE_IDENTIFIER = dutskinov.complexitysoftware.excitel.CountriesTests;
				PRODUCT_NAME = "$(TARGET_NAME)";
				SWIFT_EMIT_LOC_STRINGS = NO;
				SWIFT_VERSION = 5.0;
				TARGETED_DEVICE_FAMILY = "1,2";
				TEST_HOST = "$(BUILT_PRODUCTS_DIR)/Countries.app/$(BUNDLE_EXECUTABLE_FOLDER_PATH)/Countries";
			};
			name = Release;
		};
		3F5400CC29C74ADC00E2709A /* Debug */ = {
			isa = XCBuildConfiguration;
			buildSettings = {
				ALWAYS_EMBED_SWIFT_STANDARD_LIBRARIES = YES;
				CODE_SIGN_STYLE = Automatic;
				CURRENT_PROJECT_VERSION = 1;
				DEVELOPMENT_TEAM = QG78DVQ32Q;
				GENERATE_INFOPLIST_FILE = YES;
				MARKETING_VERSION = 1.0;
				PRODUCT_BUNDLE_IDENTIFIER = dutskinov.complexitysoftware.excitel.CountriesUITests;
				PRODUCT_NAME = "$(TARGET_NAME)";
				SWIFT_EMIT_LOC_STRINGS = NO;
				SWIFT_VERSION = 5.0;
				TARGETED_DEVICE_FAMILY = "1,2";
				TEST_TARGET_NAME = Countries;
			};
			name = Debug;
		};
		3F5400CD29C74ADC00E2709A /* Release */ = {
			isa = XCBuildConfiguration;
			buildSettings = {
				ALWAYS_EMBED_SWIFT_STANDARD_LIBRARIES = YES;
				CODE_SIGN_STYLE = Automatic;
				CURRENT_PROJECT_VERSION = 1;
				DEVELOPMENT_TEAM = QG78DVQ32Q;
				GENERATE_INFOPLIST_FILE = YES;
				MARKETING_VERSION = 1.0;
				PRODUCT_BUNDLE_IDENTIFIER = dutskinov.complexitysoftware.excitel.CountriesUITests;
				PRODUCT_NAME = "$(TARGET_NAME)";
				SWIFT_EMIT_LOC_STRINGS = NO;
				SWIFT_VERSION = 5.0;
				TARGETED_DEVICE_FAMILY = "1,2";
				TEST_TARGET_NAME = Countries;
			};
			name = Release;
		};
/* End XCBuildConfiguration section */

/* Begin XCConfigurationList section */
		3F54009629C74ADA00E2709A /* Build configuration list for PBXProject "Countries" */ = {
			isa = XCConfigurationList;
			buildConfigurations = (
				3F5400C329C74ADC00E2709A /* Debug */,
				3F5400C429C74ADC00E2709A /* Release */,
			);
			defaultConfigurationIsVisible = 0;
			defaultConfigurationName = Release;
		};
		3F5400C529C74ADC00E2709A /* Build configuration list for PBXNativeTarget "Countries" */ = {
			isa = XCConfigurationList;
			buildConfigurations = (
				3F5400C629C74ADC00E2709A /* Debug */,
				3F5400C729C74ADC00E2709A /* Release */,
			);
			defaultConfigurationIsVisible = 0;
			defaultConfigurationName = Release;
		};
		3F5400C829C74ADC00E2709A /* Build configuration list for PBXNativeTarget "CountriesTests" */ = {
			isa = XCConfigurationList;
			buildConfigurations = (
				3F5400C929C74ADC00E2709A /* Debug */,
				3F5400CA29C74ADC00E2709A /* Release */,
			);
			defaultConfigurationIsVisible = 0;
			defaultConfigurationName = Release;
		};
		3F5400CB29C74ADC00E2709A /* Build configuration list for PBXNativeTarget "CountriesUITests" */ = {
			isa = XCConfigurationList;
			buildConfigurations = (
				3F5400CC29C74ADC00E2709A /* Debug */,
				3F5400CD29C74ADC00E2709A /* Release */,
			);
			defaultConfigurationIsVisible = 0;
			defaultConfigurationName = Release;
		};
/* End XCConfigurationList section */

/* Begin XCRemoteSwiftPackageReference section */
		3F1D44CC29CA685700999B87 /* XCRemoteSwiftPackageReference "SVGKit" */ = {
			isa = XCRemoteSwiftPackageReference;
			repositoryURL = "https://github.com/SVGKit/SVGKit";
			requirement = {
				kind = upToNextMajorVersion;
				minimumVersion = 3.0.0;
			};
		};
/* End XCRemoteSwiftPackageReference section */

/* Begin XCSwiftPackageProductDependency section */
		3F1D44CD29CA685700999B87 /* SVGKit */ = {
			isa = XCSwiftPackageProductDependency;
			package = 3F1D44CC29CA685700999B87 /* XCRemoteSwiftPackageReference "SVGKit" */;
			productName = SVGKit;
		};
		3F1D44CF29CA685700999B87 /* SVGKitSwift */ = {
			isa = XCSwiftPackageProductDependency;
			package = 3F1D44CC29CA685700999B87 /* XCRemoteSwiftPackageReference "SVGKit" */;
			productName = SVGKitSwift;
		};
		3F33B16C29CC7F5D00090DB8 /* SVGKit */ = {
			isa = XCSwiftPackageProductDependency;
			package = 3F1D44CC29CA685700999B87 /* XCRemoteSwiftPackageReference "SVGKit" */;
			productName = SVGKit;
		};
/* End XCSwiftPackageProductDependency section */
	};
	rootObject = 3F54009329C74ADA00E2709A /* Project object */;
}
